github.com/dustin/go-humanize v1.0.0 h1:VSnTsYCnlFHaM2/igO1h6X3HA71jcobQuxemgkq4zYo=
github.com/dustin/go-humanize v1.0.0/go.mod h1:HtrtbFcZ19U5GC7JDqmcUSB87Iq5E25KnS6fMYU6eOk=
golang.org/x/sys v0.0.0-20210903071746-97244b99971b h1:3Dq0eVHn0uaQJmPO+/aYPI/fRMqdrVDbu7MQcku54gg=
golang.org/x/sys v0.0.0-20210903071746-97244b99971b/go.mod h1:oPkhp1MJrh7nUepCBck5+mAzfO9JrbApNNgaTdGDITg=
